
Microsoft Visual Studio Solution File, Format Version 12.00
# Visual Studio Version 17
VisualStudioVersion = 17.10.34928.147
MinimumVisualStudioVersion = 10.0.40219.1
Project("{FAE04EC0-301F-11D3-BF4B-00C04F79EFBC}") = "Bai72Chuong7", "Bai72Chuong7.csproj", "{E71FF664-DB9D-459B-BBAD-6DC76794DBE6}"
EndProject
Project("{FAE04EC0-301F-11D3-BF4B-00C04F79EFBC}") = "Bai73Chuong7", "..\Bai73Chuong7\Bai73Chuong7.csproj", "{7343B930-26AB-4E6C-B4AA-6D605E9B8828}"
EndProject
Project("{FAE04EC0-301F-11D3-BF4B-00C04F79EFBC}") = "Bai74Chuong7", "..\Bai74Chuong7\Bai74Chuong7.csproj", "{69EC1A2A-22C0-4E66-967F-4127774AB0E4}"
EndProject
Project("{FAE04EC0-301F-11D3-BF4B-00C04F79EFBC}") = "Bai75Chuong7", "..\Bai75Chuong7\Bai75Chuong7.csproj", "{5971385D-101B-4580-8103-9D47960F2F3F}"
EndProject
Project("{FAE04EC0-301F-11D3-BF4B-00C04F79EFBC}") = "Bai76Chuong7", "..\Bai76Chuong7\Bai76Chuong7.csproj", "{8F311C84-5176-4CCE-B494-0565BBBD9207}"
EndProject
Global
	GlobalSection(SolutionConfigurationPlatforms) = preSolution
		Debug|Any CPU = Debug|Any CPU
		Release|Any CPU = Release|Any CPU
	EndGlobalSection
	GlobalSection(ProjectConfigurationPlatforms) = postSolution
		{E71FF664-DB9D-459B-BBAD-6DC76794DBE6}.Debug|Any CPU.ActiveCfg = Debug|Any CPU
		{E71FF664-DB9D-459B-BBAD-6DC76794DBE6}.Debug|Any CPU.Build.0 = Debug|Any CPU
		{E71FF664-DB9D-459B-BBAD-6DC76794DBE6}.Release|Any CPU.ActiveCfg = Release|Any CPU
		{E71FF664-DB9D-459B-BBAD-6DC76794DBE6}.Release|Any CPU.Build.0 = Release|Any CPU
		{7343B930-26AB-4E6C-B4AA-6D605E9B8828}.Debug|Any CPU.ActiveCfg = Debug|Any CPU
		{7343B930-26AB-4E6C-B4AA-6D605E9B8828}.Debug|Any CPU.Build.0 = Debug|Any CPU
		{7343B930-26AB-4E6C-B4AA-6D605E9B8828}.Release|Any CPU.ActiveCfg = Release|Any CPU
		{7343B930-26AB-4E6C-B4AA-6D605E9B8828}.Release|Any CPU.Build.0 = Release|Any CPU
		{69EC1A2A-22C0-4E66-967F-4127774AB0E4}.Debug|Any CPU.ActiveCfg = Debug|Any CPU
		{69EC1A2A-22C0-4E66-967F-4127774AB0E4}.Debug|Any CPU.Build.0 = Debug|Any CPU
		{69EC1A2A-22C0-4E66-967F-4127774AB0E4}.Release|Any CPU.ActiveCfg = Release|Any CPU
		{69EC1A2A-22C0-4E66-967F-4127774AB0E4}.Release|Any CPU.Build.0 = Release|Any CPU
		{5971385D-101B-4580-8103-9D47960F2F3F}.Debug|Any CPU.ActiveCfg = Debug|Any CPU
		{5971385D-101B-4580-8103-9D47960F2F3F}.Debug|Any CPU.Build.0 = Debug|Any CPU
		{5971385D-101B-4580-8103-9D47960F2F3F}.Release|Any CPU.ActiveCfg = Release|Any CPU
		{5971385D-101B-4580-8103-9D47960F2F3F}.Release|Any CPU.Build.0 = Release|Any CPU
		{8F311C84-5176-4CCE-B494-0565BBBD9207}.Debug|Any CPU.ActiveCfg = Debug|Any CPU
		{8F311C84-5176-4CCE-B494-0565BBBD9207}.Debug|Any CPU.Build.0 = Debug|Any CPU
		{8F311C84-5176-4CCE-B494-0565BBBD9207}.Release|Any CPU.ActiveCfg = Release|Any CPU
		{8F311C84-5176-4CCE-B494-0565BBBD9207}.Release|Any CPU.Build.0 = Release|Any CPU
	EndGlobalSection
	GlobalSection(SolutionProperties) = preSolution
		HideSolutionNode = FALSE
	EndGlobalSection
	GlobalSection(ExtensibilityGlobals) = postSolution
		SolutionGuid = {9BC055A9-89D7-4D37-AB3E-407893BBAD59}
	EndGlobalSection
EndGlobal
